{
  "name": "rescript-vscode-extension-template",
  "version": "0.0.1",
  "lockfileVersion": 2,
  "requires": true,
  "packages": {
    "": {
      "name": "rescript-vscode-extension-template",
      "version": "0.0.1",
      "license": "MIT",
      "dependencies": {
        "reason-promise": "^1.1.5",
        "rescript": "*"
      },
      "devDependencies": {
        "rescript-vscode": "github:banacorn/rescript-vscode"
      },
      "engines": {
        "vscode": "^1.64.0"
      }
    },
    "node_modules/bs-platform": {
      "version": "9.0.2",
      "resolved": "https://registry.npmjs.org/bs-platform/-/bs-platform-9.0.2.tgz",
      "integrity": "sha512-Ye9JqJ4Oa7mcjjoOVRYI8Uc2Cf8N7jQLWDcdUplY7996d/YErSR7WitmV7XnSwr4EvdrbwjEsg1NxNjUQv3ChA==",
      "dev": true,
      "hasInstallScript": true,
      "bin": {
        "bsb": "bsb",
        "bsc": "bsc",
        "bsrefmt": "bsrefmt",
        "bstracing": "lib/bstracing"
      }
    },
    "node_modules/reason-promise": {
      "version": "1.1.5",
      "resolved": "https://registry.npmjs.org/reason-promise/-/reason-promise-1.1.5.tgz",
      "integrity": "sha512-T4VI8e3WrQ30HbQcmQ8HvJPZckD4AeTcZ+1aNdpJ/pjjRwjlBy63hr4v8fMSID0/6kPh1KrhN+5+4n7MouoZKQ=="
    },
    "node_modules/rescript": {
      "version": "9.1.4",
      "resolved": "https://registry.npmjs.org/rescript/-/rescript-9.1.4.tgz",
      "integrity": "sha512-aXANK4IqecJzdnDpJUsU6pxMViCR5ogAxzuqS0mOr8TloMnzAjJFu63fjD6LCkWrKAhlMkFFzQvVQYaAaVkFXw==",
      "hasInstallScript": true,
      "bin": {
        "bsc": "bsc",
        "bsrefmt": "bsrefmt",
        "bstracing": "lib/bstracing",
        "rescript": "rescript"
      }
    },
    "node_modules/rescript-vscode": {
      "version": "0.0.17",
      "resolved": "git+ssh://git@github.com/banacorn/rescript-vscode.git#316ce927cd34f8a3ad7cc84b5d1fe6b97fa01e02",
      "dev": true,
      "license": "MIT",
      "dependencies": {
        "bs-platform": ">=8.2.0",
        "reason-promise": ">=1.1.0"
      }
    }
  },
  "dependencies": {
    "bs-platform": {
      "version": "9.0.2",
      "resolved": "https://registry.npmjs.org/bs-platform/-/bs-platform-9.0.2.tgz",
      "integrity": "sha512-Ye9JqJ4Oa7mcjjoOVRYI8Uc2Cf8N7jQLWDcdUplY7996d/YErSR7WitmV7XnSwr4EvdrbwjEsg1NxNjUQv3ChA==",
      "dev": true
    },
    "reason-promise": {
      "version": "1.1.5",
      "resolved": "https://registry.npmjs.org/reason-promise/-/reason-promise-1.1.5.tgz",
      "integrity": "sha512-T4VI8e3WrQ30HbQcmQ8HvJPZckD4AeTcZ+1aNdpJ/pjjRwjlBy63hr4v8fMSID0/6kPh1KrhN+5+4n7MouoZKQ=="
    },
    "rescript": {
      "version": "9.1.4",
      "resolved": "https://registry.npmjs.org/rescript/-/rescript-9.1.4.tgz",
      "integrity": "sha512-aXANK4IqecJzdnDpJUsU6pxMViCR5ogAxzuqS0mOr8TloMnzAjJFu63fjD6LCkWrKAhlMkFFzQvVQYaAaVkFXw=="
    },
    "rescript-vscode": {
      "version": "git+ssh://git@github.com/banacorn/rescript-vscode.git#316ce927cd34f8a3ad7cc84b5d1fe6b97fa01e02",
      "dev": true,
      "from": "rescript-vscode@github:banacorn/rescript-vscode",
      "requires": {
        "bs-platform": ">=8.2.0",
        "reason-promise": ">=1.1.0"
      }
    }
  }
}
